
Microsoft Visual Studio Solution File, Format Version 12.00
# Visual Studio Version 16
VisualStudioVersion = 16.0.31702.278
MinimumVisualStudioVersion = 10.0.40219.1
Project("{9A19103F-16F7-4668-BE54-9A1E7A4F7556}") = "OTDStore.WebApp", "OTDStore.WebApp\OTDStore.WebApp.csproj", "{E52ADE24-FE16-488C-93CD-E6BE6570CBAC}"
EndProject
Project("{9A19103F-16F7-4668-BE54-9A1E7A4F7556}") = "OTDStore.Data", "OTDStore.Data\OTDStore.Data.csproj", "{0B8A5D88-5BFF-4DD0-893E-F9AE965642E9}"
EndProject
Project("{9A19103F-16F7-4668-BE54-9A1E7A4F7556}") = "OTDStore.Application", "OTDStore.Application\OTDStore.Application.csproj", "{ED839C4B-B939-484C-8D8B-639A6609135B}"
EndProject
Project("{9A19103F-16F7-4668-BE54-9A1E7A4F7556}") = "OTDStore.Utilities", "OTDStore.Utilities\OTDStore.Utilities.csproj", "{459B0073-0E6C-4768-A613-5B0368AA5CB0}"
EndProject
Project("{9A19103F-16F7-4668-BE54-9A1E7A4F7556}") = "OTDStore.ViewModels", "OTDStore.ViewModels\OTDStore.ViewModels.csproj", "{FBE5D38C-16FF-48FA-B0CB-89455FF48DCC}"
EndProject
Project("{9A19103F-16F7-4668-BE54-9A1E7A4F7556}") = "OTDStore.BackendApi", "OTDStore.BackendApi\OTDStore.BackendApi.csproj", "{58739940-1BE4-467C-992C-CCAFB433624A}"
EndProject
Project("{2150E333-8FDC-42A3-9474-1A3956D46DE8}") = "1.Infrastucture", "1.Infrastucture", "{940C95F1-9AA1-45DD-8591-B5C5408F8DEE}"
EndProject
Project("{2150E333-8FDC-42A3-9474-1A3956D46DE8}") = "2.Domain", "2.Domain", "{F5FA9EE5-4B9B-4B46-A950-A6DC97592327}"
EndProject
Project("{2150E333-8FDC-42A3-9474-1A3956D46DE8}") = "3.Hosts", "3.Hosts", "{6401FC84-BA5C-45DD-A2B9-B03F8626614C}"
EndProject
Project("{9A19103F-16F7-4668-BE54-9A1E7A4F7556}") = "OTDStore.AdminApp", "OTDStore.AdminApp\OTDStore.AdminApp.csproj", "{9F369CE6-7495-4FE0-939F-C581E1423920}"
EndProject
Project("{FAE04EC0-301F-11D3-BF4B-00C04F79EFBC}") = "OTDStore.ApiIntegration", "OTDStore.ApiIntegration\OTDStore.ApiIntegration.csproj", "{26B81918-D45D-4B8C-9087-35A9D8E5BADF}"
EndProject
Global
	GlobalSection(SolutionConfigurationPlatforms) = preSolution
		Debug|Any CPU = Debug|Any CPU
		Release|Any CPU = Release|Any CPU
	EndGlobalSection
	GlobalSection(ProjectConfigurationPlatforms) = postSolution
		{E52ADE24-FE16-488C-93CD-E6BE6570CBAC}.Debug|Any CPU.ActiveCfg = Debug|Any CPU
		{E52ADE24-FE16-488C-93CD-E6BE6570CBAC}.Debug|Any CPU.Build.0 = Debug|Any CPU
		{E52ADE24-FE16-488C-93CD-E6BE6570CBAC}.Release|Any CPU.ActiveCfg = Release|Any CPU
		{E52ADE24-FE16-488C-93CD-E6BE6570CBAC}.Release|Any CPU.Build.0 = Release|Any CPU
		{0B8A5D88-5BFF-4DD0-893E-F9AE965642E9}.Debug|Any CPU.ActiveCfg = Debug|Any CPU
		{0B8A5D88-5BFF-4DD0-893E-F9AE965642E9}.Debug|Any CPU.Build.0 = Debug|Any CPU
		{0B8A5D88-5BFF-4DD0-893E-F9AE965642E9}.Release|Any CPU.ActiveCfg = Release|Any CPU
		{0B8A5D88-5BFF-4DD0-893E-F9AE965642E9}.Release|Any CPU.Build.0 = Release|Any CPU
		{ED839C4B-B939-484C-8D8B-639A6609135B}.Debug|Any CPU.ActiveCfg = Debug|Any CPU
		{ED839C4B-B939-484C-8D8B-639A6609135B}.Debug|Any CPU.Build.0 = Debug|Any CPU
		{ED839C4B-B939-484C-8D8B-639A6609135B}.Release|Any CPU.ActiveCfg = Release|Any CPU
		{ED839C4B-B939-484C-8D8B-639A6609135B}.Release|Any CPU.Build.0 = Release|Any CPU
		{459B0073-0E6C-4768-A613-5B0368AA5CB0}.Debug|Any CPU.ActiveCfg = Debug|Any CPU
		{459B0073-0E6C-4768-A613-5B0368AA5CB0}.Debug|Any CPU.Build.0 = Debug|Any CPU
		{459B0073-0E6C-4768-A613-5B0368AA5CB0}.Release|Any CPU.ActiveCfg = Release|Any CPU
		{459B0073-0E6C-4768-A613-5B0368AA5CB0}.Release|Any CPU.Build.0 = Release|Any CPU
		{FBE5D38C-16FF-48FA-B0CB-89455FF48DCC}.Debug|Any CPU.ActiveCfg = Debug|Any CPU
		{FBE5D38C-16FF-48FA-B0CB-89455FF48DCC}.Debug|Any CPU.Build.0 = Debug|Any CPU
		{FBE5D38C-16FF-48FA-B0CB-89455FF48DCC}.Release|Any CPU.ActiveCfg = Release|Any CPU
		{FBE5D38C-16FF-48FA-B0CB-89455FF48DCC}.Release|Any CPU.Build.0 = Release|Any CPU
		{58739940-1BE4-467C-992C-CCAFB433624A}.Debug|Any CPU.ActiveCfg = Debug|Any CPU
		{58739940-1BE4-467C-992C-CCAFB433624A}.Debug|Any CPU.Build.0 = Debug|Any CPU
		{58739940-1BE4-467C-992C-CCAFB433624A}.Release|Any CPU.ActiveCfg = Release|Any CPU
		{58739940-1BE4-467C-992C-CCAFB433624A}.Release|Any CPU.Build.0 = Release|Any CPU
		{9F369CE6-7495-4FE0-939F-C581E1423920}.Debug|Any CPU.ActiveCfg = Debug|Any CPU
		{9F369CE6-7495-4FE0-939F-C581E1423920}.Debug|Any CPU.Build.0 = Debug|Any CPU
		{9F369CE6-7495-4FE0-939F-C581E1423920}.Release|Any CPU.ActiveCfg = Release|Any CPU
		{9F369CE6-7495-4FE0-939F-C581E1423920}.Release|Any CPU.Build.0 = Release|Any CPU
		{26B81918-D45D-4B8C-9087-35A9D8E5BADF}.Debug|Any CPU.ActiveCfg = Debug|Any CPU
		{26B81918-D45D-4B8C-9087-35A9D8E5BADF}.Debug|Any CPU.Build.0 = Debug|Any CPU
		{26B81918-D45D-4B8C-9087-35A9D8E5BADF}.Release|Any CPU.ActiveCfg = Release|Any CPU
		{26B81918-D45D-4B8C-9087-35A9D8E5BADF}.Release|Any CPU.Build.0 = Release|Any CPU
	EndGlobalSection
	GlobalSection(SolutionProperties) = preSolution
		HideSolutionNode = FALSE
	EndGlobalSection
	GlobalSection(NestedProjects) = preSolution
		{E52ADE24-FE16-488C-93CD-E6BE6570CBAC} = {6401FC84-BA5C-45DD-A2B9-B03F8626614C}
		{0B8A5D88-5BFF-4DD0-893E-F9AE965642E9} = {F5FA9EE5-4B9B-4B46-A950-A6DC97592327}
		{ED839C4B-B939-484C-8D8B-639A6609135B} = {F5FA9EE5-4B9B-4B46-A950-A6DC97592327}
		{459B0073-0E6C-4768-A613-5B0368AA5CB0} = {940C95F1-9AA1-45DD-8591-B5C5408F8DEE}
		{FBE5D38C-16FF-48FA-B0CB-89455FF48DCC} = {940C95F1-9AA1-45DD-8591-B5C5408F8DEE}
		{58739940-1BE4-467C-992C-CCAFB433624A} = {6401FC84-BA5C-45DD-A2B9-B03F8626614C}
		{9F369CE6-7495-4FE0-939F-C581E1423920} = {6401FC84-BA5C-45DD-A2B9-B03F8626614C}
		{26B81918-D45D-4B8C-9087-35A9D8E5BADF} = {6401FC84-BA5C-45DD-A2B9-B03F8626614C}
	EndGlobalSection
	GlobalSection(ExtensibilityGlobals) = postSolution
		SolutionGuid = {1A57050C-C6CE-4420-8227-3485994D9F75}
	EndGlobalSection
EndGlobal
